{
  "name": "inventario-backend",
  "lockfileVersion": 3,
  "requires": true,
  "packages": {
    "": {
      "dependencies": {
        "@sentry/react": "*",
        "@sentry/tracing": "*"
      },
      "optionalDependencies": {
        "@sentry/react": "^10.25.0",
        "@sentry/tracing": "^7.120.4"
      }
    },
    "node_modules/@sentry-internal/browser-utils": {
      "version": "10.25.0",
      "resolved": "https://registry.npmjs.org/@sentry-internal/browser-utils/-/browser-utils-10.25.0.tgz",
      "integrity": "sha512-wzg1ITZxrRtQouHPCgpt3tl1GiNAWFVy2RYK2KstFEhpYBAOUn9BAdP7KU9UyHBFKqbAvV4oGtAT8H2/Y4+leA==",
      "license": "MIT",
      "optional": true,
      "dependencies": {
        "@sentry/core": "10.25.0"
      },
      "engines": {
        "node": ">=18"
      }
    },
    "node_modules/@sentry-internal/feedback": {
      "version": "10.25.0",
      "resolved": "https://registry.npmjs.org/@sentry-internal/feedback/-/feedback-10.25.0.tgz",
      "integrity": "sha512-qlbT4tOd+WRyKpLdsbi26rkynGBoVabnY8/9rFnTxZ0WIUG5EFhJFqEeRLMyv+uk0uRFF3H0I9+u+qP/BKxIcQ==",
      "license": "MIT",
      "optional": true,
      "dependencies": {
        "@sentry/core": "10.25.0"
      },
      "engines": {
        "node": ">=18"
      }
    },
    "node_modules/@sentry-internal/replay": {
      "version": "10.25.0",
      "resolved": "https://registry.npmjs.org/@sentry-internal/replay/-/replay-10.25.0.tgz",
      "integrity": "sha512-V/kKQn9T46HBTiP0bIThmpVr94K4vXwYM3/EHVpGSq4P9RynX06cgps8GLHq94+A0kX/DbK9igEMZmIuzS1q3A==",
      "license": "MIT",
      "optional": true,
      "dependencies": {
        "@sentry-internal/browser-utils": "10.25.0",
        "@sentry/core": "10.25.0"
      },
      "engines": {
        "node": ">=18"
      }
    },
    "node_modules/@sentry-internal/replay-canvas": {
      "version": "10.25.0",
      "resolved": "https://registry.npmjs.org/@sentry-internal/replay-canvas/-/replay-canvas-10.25.0.tgz",
      "integrity": "sha512-zuj5jVNswZ/aA1nPPbU+VIFkQG0695lbyIfS1Skq+5o2FdRIS3MGnBXw1abI9h4pft8GLQWcKiBxISM7UpSz6w==",
      "license": "MIT",
      "optional": true,
      "dependencies": {
        "@sentry-internal/replay": "10.25.0",
        "@sentry/core": "10.25.0"
      },
      "engines": {
        "node": ">=18"
      }
    },
    "node_modules/@sentry-internal/tracing": {
      "version": "7.120.4",
      "resolved": "https://registry.npmjs.org/@sentry-internal/tracing/-/tracing-7.120.4.tgz",
      "integrity": "sha512-Fz5+4XCg3akeoFK+K7g+d7HqGMjmnLoY2eJlpONJmaeT9pXY7yfUyXKZMmMajdE2LxxKJgQ2YKvSCaGVamTjHw==",
      "license": "MIT",
      "optional": true,
      "dependencies": {
        "@sentry/core": "7.120.4",
        "@sentry/types": "7.120.4",
        "@sentry/utils": "7.120.4"
      },
      "engines": {
        "node": ">=8"
      }
    },
    "node_modules/@sentry-internal/tracing/node_modules/@sentry/core": {
      "version": "7.120.4",
      "resolved": "https://registry.npmjs.org/@sentry/core/-/core-7.120.4.tgz",
      "integrity": "sha512-TXu3Q5kKiq8db9OXGkWyXUbIxMMuttB5vJ031yolOl5T/B69JRyAoKuojLBjRv1XX583gS1rSSoX8YXX7ATFGA==",
      "license": "MIT",
      "optional": true,
      "dependencies": {
        "@sentry/types": "7.120.4",
        "@sentry/utils": "7.120.4"
      },
      "engines": {
        "node": ">=8"
      }
    },
    "node_modules/@sentry/browser": {
      "version": "10.25.0",
      "resolved": "https://registry.npmjs.org/@sentry/browser/-/browser-10.25.0.tgz",
      "integrity": "sha512-UgSVT3RTM3vsK914TPuHVJQsjq5ooXVmjMtsWP3Ep+6f7N+1UVX4ZXsyyj5lDOcWdc79FgproD+MrEf9Cj6uBg==",
      "license": "MIT",
      "optional": true,
      "dependencies": {
        "@sentry-internal/browser-utils": "10.25.0",
        "@sentry-internal/feedback": "10.25.0",
        "@sentry-internal/replay": "10.25.0",
        "@sentry-internal/replay-canvas": "10.25.0",
        "@sentry/core": "10.25.0"
      },
      "engines": {
        "node": ">=18"
      }
    },
    "node_modules/@sentry/core": {
      "version": "10.25.0",
      "resolved": "https://registry.npmjs.org/@sentry/core/-/core-10.25.0.tgz",
      "integrity": "sha512-mGi4BYIPwZjWdOXHrPoXz1AW4/cQbFoiuW/m+OOATmtSoGTDnWYwP+qZU7VLlL+v8ZEzxfPi2C1NPfJtPj7QWA==",
      "license": "MIT",
      "optional": true,
      "engines": {
        "node": ">=18"
      }
    },
    "node_modules/@sentry/react": {
      "version": "10.25.0",
      "resolved": "https://registry.npmjs.org/@sentry/react/-/react-10.25.0.tgz",
      "integrity": "sha512-LBQHgyPAFzuy99mEJF8ZF2AOxxJiGAmtu10eQhglhFgfJsU7JJVsee0h+vTSmvHMDtFrIwhZi3i1X5snZ/kzoA==",
      "license": "MIT",
      "optional": true,
      "dependencies": {
        "@sentry/browser": "10.25.0",
        "@sentry/core": "10.25.0",
        "hoist-non-react-statics": "^3.3.2"
      },
      "engines": {
        "node": ">=18"
      },
      "peerDependencies": {
        "react": "^16.14.0 || 17.x || 18.x || 19.x"
      }
    },
    "node_modules/@sentry/tracing": {
      "version": "7.120.4",
      "resolved": "https://registry.npmjs.org/@sentry/tracing/-/tracing-7.120.4.tgz",
      "integrity": "sha512-cAtpLh23qW3hoqZJ6c36EvFki5NhFWUSK71ALHefqDXEocMlfDc9I+IGn3B/ola2D2TDEDamCy3x32vctKqOag==",
      "license": "MIT",
      "optional": true,
      "dependencies": {
        "@sentry-internal/tracing": "7.120.4"
      },
      "engines": {
        "node": ">=8"
      }
    },
    "node_modules/@sentry/types": {
      "version": "7.120.4",
      "resolved": "https://registry.npmjs.org/@sentry/types/-/types-7.120.4.tgz",
      "integrity": "sha512-cUq2hSSe6/qrU6oZsEP4InMI5VVdD86aypE+ENrQ6eZEVLTCYm1w6XhW1NvIu3UuWh7gZec4a9J7AFpYxki88Q==",
      "license": "MIT",
      "optional": true,
      "engines": {
        "node": ">=8"
      }
    },
    "node_modules/@sentry/utils": {
      "version": "7.120.4",
      "resolved": "https://registry.npmjs.org/@sentry/utils/-/utils-7.120.4.tgz",
      "integrity": "sha512-zCKpyDIWKHwtervNK2ZlaK8mMV7gVUijAgFeJStH+CU/imcdquizV3pFLlSQYRswG+Lbyd6CT/LGRh3IbtkCFw==",
      "license": "MIT",
      "optional": true,
      "dependencies": {
        "@sentry/types": "7.120.4"
      },
      "engines": {
        "node": ">=8"
      }
    },
    "node_modules/hoist-non-react-statics": {
      "version": "3.3.2",
      "resolved": "https://registry.npmjs.org/hoist-non-react-statics/-/hoist-non-react-statics-3.3.2.tgz",
      "integrity": "sha512-/gGivxi8JPKWNm/W0jSmzcMPpfpPLc3dY/6GxhX2hQ9iGj3aDfklV4ET7NjKpSinLpJ5vafa9iiGIEZg10SfBw==",
      "license": "BSD-3-Clause",
      "optional": true,
      "dependencies": {
        "react-is": "^16.7.0"
      }
    },
    "node_modules/react": {
      "version": "19.2.0",
      "resolved": "https://registry.npmjs.org/react/-/react-19.2.0.tgz",
      "integrity": "sha512-tmbWg6W31tQLeB5cdIBOicJDJRR2KzXsV7uSK9iNfLWQ5bIZfxuPEHp7M8wiHyHnn0DD1i7w3Zmin0FtkrwoCQ==",
      "license": "MIT",
      "optional": true,
      "peer": true,
      "engines": {
        "node": ">=0.10.0"
      }
    },
    "node_modules/react-is": {
      "version": "16.13.1",
      "resolved": "https://registry.npmjs.org/react-is/-/react-is-16.13.1.tgz",
      "integrity": "sha512-24e6ynE2H+OKt4kqsOvNd8kBpV65zoxbA4BVsEOB3ARVWQki/DHzaUoC5KuON/BiccDaCCTZBuOcfZs70kR8bQ==",
      "license": "MIT",
      "optional": true
    }
  }
}
